dependencies:
  '@rush-temp/codec': 'file:projects/codec.tgz'
  '@types/node': 12.12.47
  fp-ts: 2.6.7
  io-ts: 2.2.7_fp-ts@2.6.7
  typescript: 3.9.6
lockfileVersion: 5.1
packages:
  /@types/node/12.12.47:
    dev: false
    resolution:
      integrity: sha512-yzBInQFhdY8kaZmqoL2+3U5dSTMrKaYcb561VU+lDzAYvqt+2lojvBEy+hmpSNuXnPTx7m9+04CzWYOUqWME2A==
  /fp-ts/2.6.7:
    dev: false
    resolution:
      integrity: sha512-Uklx0kKrjwbYb142tbQZqWVHhvNzxZwJhr+gkIbwPt/exV0n8/dHDkAmB05vNKNnJMwoJr7i6pM3XW0bicrE7Q==
  /io-ts/2.2.7_fp-ts@2.6.7:
    dependencies:
      fp-ts: 2.6.7
    dev: false
    peerDependencies:
      fp-ts: ^2.0.0
    resolution:
      integrity: sha512-kCusyu/Fa0oax5ue2Id/ZqVLEk5JOWyrXHcLbD4kHoVM50MhDEWUtcHlN7RrD94I8OrWILcVltM6OllnZiHJmg==
  /typescript/3.9.6:
    dev: false
    engines:
      node: '>=4.2.0'
    hasBin: true
    resolution:
      integrity: sha512-Pspx3oKAPJtjNwE92YS05HQoY7z2SFyOpHo9MqJor3BXAGNaPUs83CuVp9VISFkSjyRfiTpmKuAYGJB7S7hOxw==
  'file:projects/codec.tgz':
    dependencies:
      '@types/node': 12.12.47
      fp-ts: 2.6.7
      io-ts: 2.2.7_fp-ts@2.6.7
      typescript: 3.9.6
    dev: false
    name: '@rush-temp/codec'
    resolution:
      integrity: sha512-10STDkBzaLXZaiHEfsPjsLBYCZDiKyS6FO5r2T0b7KUpZINLlFnalfrADMEn+JqPRw7csDv/KTltdBnDuTgweA==
      tarball: 'file:projects/codec.tgz'
    version: 0.0.0
registry: ''
specifiers:
  '@rush-temp/codec': 'file:./projects/codec.tgz'
  '@types/node': ^12.12.x
  fp-ts: ^2.0.x
  io-ts: ^2.2.x
  typescript: ^3.9.x
# shrinkwrap hash: 4d36bd5487ab949acd06714cee30ddf2d252322b
